
Microsoft Visual Studio Solution File, Format Version 12.00
# Visual Studio Version 16
VisualStudioVersion = 16.0.30717.126
MinimumVisualStudioVersion = 10.0.40219.1
Project("{FAE04EC0-301F-11D3-BF4B-00C04F79EFBC}") = "TelephoneDirectory", "TelephoneDirectory\TelephoneDirectory.csproj", "{A55FD871-518F-4F38-8D1A-F45C4A04E651}"
EndProject
Global
	GlobalSection(SolutionConfigurationPlatforms) = preSolution
		Debug|Any CPU = Debug|Any CPU
		Release|Any CPU = Release|Any CPU
	EndGlobalSection
	GlobalSection(ProjectConfigurationPlatforms) = postSolution
		{A55FD871-518F-4F38-8D1A-F45C4A04E651}.Debug|Any CPU.ActiveCfg = Debug|Any CPU
		{A55FD871-518F-4F38-8D1A-F45C4A04E651}.Debug|Any CPU.Build.0 = Debug|Any CPU
		{A55FD871-518F-4F38-8D1A-F45C4A04E651}.Release|Any CPU.ActiveCfg = Release|Any CPU
		{A55FD871-518F-4F38-8D1A-F45C4A04E651}.Release|Any CPU.Build.0 = Release|Any CPU
	EndGlobalSection
	GlobalSection(SolutionProperties) = preSolution
		HideSolutionNode = FALSE
	EndGlobalSection
	GlobalSection(ExtensibilityGlobals) = postSolution
		SolutionGuid = {FEF62D7B-149F-45D0-BAB1-16540401B98F}
	EndGlobalSection
EndGlobal
